// !$*UTF8*$!
{
	archiveVersion = 1;
	classes = {
	};
	objectVersion = 46;
	objects = {

/* Begin PBXBuildFile section */
		63038C651B10B58B008C8180 /* cordova_small.png in Resources */ = {isa = PBXBuildFile; fileRef = 63038C641B10B58B008C8180 /* cordova_small.png */; };
		63038C671B10B597008C8180 /* cordova_big.png in Resources */ = {isa = PBXBuildFile; fileRef = 63038C661B10B597008C8180 /* cordova_big.png */; };
		63045EAD1B0EC5E10071555B /* SwitfyJSON.swift in Sources */ = {isa = PBXBuildFile; fileRef = 63045EAC1B0EC5E10071555B /* SwitfyJSON.swift */; };
		631008DF1AF771B7008A40E4 /* ColorgyNavigationController.swift in Sources */ = {isa = PBXBuildFile; fileRef = 631008DE1AF771B7008A40E4 /* ColorgyNavigationController.swift */; };
		6324DA921B13696C00DF2F6C /* CoreData.framework in Frameworks */ = {isa = PBXBuildFile; fileRef = 6324DA911B13696C00DF2F6C /* CoreData.framework */; };
		634FD6211AF749A9003B627D /* NCKU_samll_course.json in Resources */ = {isa = PBXBuildFile; fileRef = 634FD6201AF749A9003B627D /* NCKU_samll_course.json */; };
		635F9FDC1AFDE58E001907BA /* CCU_courses.json in Resources */ = {isa = PBXBuildFile; fileRef = 635F9FDB1AFDE58E001907BA /* CCU_courses.json */; };
		636FFF7A1AF9086D0012135C /* ColorgySideMenuViewController.swift in Sources */ = {isa = PBXBuildFile; fileRef = 636FFF791AF9086D0012135C /* ColorgySideMenuViewController.swift */; };
		6379F3CA1AFF454F007686B5 /* ColorgyUserProfileViewController.swift in Sources */ = {isa = PBXBuildFile; fileRef = 6379F3C91AFF454F007686B5 /* ColorgyUserProfileViewController.swift */; };
		63A29E4D1AF722DF000494DB /* AppDelegate.swift in Sources */ = {isa = PBXBuildFile; fileRef = 63A29E4C1AF722DF000494DB /* AppDelegate.swift */; };
		63A29E501AF722DF000494DB /* ColorgyCourse.xcdatamodeld in Sources */ = {isa = PBXBuildFile; fileRef = 63A29E4E1AF722DF000494DB /* ColorgyCourse.xcdatamodeld */; };
		63A29E551AF722DF000494DB /* Main.storyboard in Resources */ = {isa = PBXBuildFile; fileRef = 63A29E531AF722DF000494DB /* Main.storyboard */; };
		63A29E571AF722DF000494DB /* Images.xcassets in Resources */ = {isa = PBXBuildFile; fileRef = 63A29E561AF722DF000494DB /* Images.xcassets */; };
		63A29E5A1AF722DF000494DB /* LaunchScreen.xib in Resources */ = {isa = PBXBuildFile; fileRef = 63A29E581AF722DF000494DB /* LaunchScreen.xib */; };
		63A29E661AF722DF000494DB /* ColorgyCourseTests.swift in Sources */ = {isa = PBXBuildFile; fileRef = 63A29E651AF722DF000494DB /* ColorgyCourseTests.swift */; };
		63A29E701AF72332000494DB /* ColorgyTimeTableViewController.swift in Sources */ = {isa = PBXBuildFile; fileRef = 63A29E6F1AF72332000494DB /* ColorgyTimeTableViewController.swift */; };
		63A29E721AF7236C000494DB /* ColorgyFBLoginViewController.swift in Sources */ = {isa = PBXBuildFile; fileRef = 63A29E711AF7236C000494DB /* ColorgyFBLoginViewController.swift */; };
		63A29E761AF72E41000494DB /* Course.swift in Sources */ = {isa = PBXBuildFile; fileRef = 63A29E751AF72E41000494DB /* Course.swift */; };
		63A29E7A1AF7436D000494DB /* ColorgyViewAndAddCourseTableViewController.swift in Sources */ = {isa = PBXBuildFile; fileRef = 63A29E791AF7436D000494DB /* ColorgyViewAndAddCourseTableViewController.swift */; };
		63C96ADE1AFE0CD9003ED287 /* FacebookSDK.framework in Frameworks */ = {isa = PBXBuildFile; fileRef = 63C96ADD1AFE0CD9003ED287 /* FacebookSDK.framework */; };
		63DD0DAE1B069F2700582DEF /* ColorgyCourseCardCell.swift in Sources */ = {isa = PBXBuildFile; fileRef = 63DD0DAD1B069F2700582DEF /* ColorgyCourseCardCell.swift */; };
		BCB60EF032C3499020ABF860 /* libPods-ColorgyCourse.a in Frameworks */ = {isa = PBXBuildFile; fileRef = AA6BD5834EC034FAA28A0DB4 /* libPods-ColorgyCourse.a */; };
/* End PBXBuildFile section */

/* Begin PBXContainerItemProxy section */
		63A29E601AF722DF000494DB /* PBXContainerItemProxy */ = {
			isa = PBXContainerItemProxy;
			containerPortal = 63A29E3F1AF722DF000494DB /* Project object */;
			proxyType = 1;
			remoteGlobalIDString = 63A29E461AF722DF000494DB;
			remoteInfo = ColorgyCourse;
		};
/* End PBXContainerItemProxy section */

/* Begin PBXFileReference section */
		572BB26BB0AC9A6CCD0BE10F /* Pods-ColorgyCourse.debug.xcconfig */ = {isa = PBXFileReference; includeInIndex = 1; lastKnownFileType = text.xcconfig; name = "Pods-ColorgyCourse.debug.xcconfig"; path = "Pods/Target Support Files/Pods-ColorgyCourse/Pods-ColorgyCourse.debug.xcconfig"; sourceTree = "<group>"; };
		63038C641B10B58B008C8180 /* cordova_small.png */ = {isa = PBXFileReference; lastKnownFileType = image.png; path = cordova_small.png; sourceTree = "<group>"; };
		63038C661B10B597008C8180 /* cordova_big.png */ = {isa = PBXFileReference; lastKnownFileType = image.png; path = cordova_big.png; sourceTree = "<group>"; };
		63045EAC1B0EC5E10071555B /* SwitfyJSON.swift */ = {isa = PBXFileReference; fileEncoding = 4; lastKnownFileType = sourcecode.swift; path = SwitfyJSON.swift; sourceTree = "<group>"; };
		631008DE1AF771B7008A40E4 /* ColorgyNavigationController.swift */ = {isa = PBXFileReference; fileEncoding = 4; lastKnownFileType = sourcecode.swift; path = ColorgyNavigationController.swift; sourceTree = "<group>"; };
		6324DA911B13696C00DF2F6C /* CoreData.framework */ = {isa = PBXFileReference; lastKnownFileType = wrapper.framework; name = CoreData.framework; path = System/Library/Frameworks/CoreData.framework; sourceTree = SDKROOT; };
		634FD6201AF749A9003B627D /* NCKU_samll_course.json */ = {isa = PBXFileReference; fileEncoding = 4; lastKnownFileType = text.json; path = NCKU_samll_course.json; sourceTree = "<group>"; };
		635F9FDB1AFDE58E001907BA /* CCU_courses.json */ = {isa = PBXFileReference; fileEncoding = 4; lastKnownFileType = text.json; path = CCU_courses.json; sourceTree = "<group>"; };
		636FFF791AF9086D0012135C /* ColorgySideMenuViewController.swift */ = {isa = PBXFileReference; fileEncoding = 4; lastKnownFileType = sourcecode.swift; path = ColorgySideMenuViewController.swift; sourceTree = "<group>"; };
		6379F3C91AFF454F007686B5 /* ColorgyUserProfileViewController.swift */ = {isa = PBXFileReference; fileEncoding = 4; lastKnownFileType = sourcecode.swift; path = ColorgyUserProfileViewController.swift; sourceTree = "<group>"; };
		63A29E471AF722DF000494DB /* ColorgyCourse.app */ = {isa = PBXFileReference; explicitFileType = wrapper.application; includeInIndex = 0; path = ColorgyCourse.app; sourceTree = BUILT_PRODUCTS_DIR; };
		63A29E4B1AF722DF000494DB /* Info.plist */ = {isa = PBXFileReference; lastKnownFileType = text.plist.xml; path = Info.plist; sourceTree = "<group>"; };
		63A29E4C1AF722DF000494DB /* AppDelegate.swift */ = {isa = PBXFileReference; lastKnownFileType = sourcecode.swift; path = AppDelegate.swift; sourceTree = "<group>"; };
		63A29E4F1AF722DF000494DB /* ColorgyCourse.xcdatamodel */ = {isa = PBXFileReference; lastKnownFileType = wrapper.xcdatamodel; path = ColorgyCourse.xcdatamodel; sourceTree = "<group>"; };
		63A29E541AF722DF000494DB /* Base */ = {isa = PBXFileReference; lastKnownFileType = file.storyboard; name = Base; path = Base.lproj/Main.storyboard; sourceTree = "<group>"; };
		63A29E561AF722DF000494DB /* Images.xcassets */ = {isa = PBXFileReference; lastKnownFileType = folder.assetcatalog; path = Images.xcassets; sourceTree = "<group>"; };
		63A29E591AF722DF000494DB /* Base */ = {isa = PBXFileReference; lastKnownFileType = file.xib; name = Base; path = Base.lproj/LaunchScreen.xib; sourceTree = "<group>"; };
		63A29E5F1AF722DF000494DB /* ColorgyCourseTests.xctest */ = {isa = PBXFileReference; explicitFileType = wrapper.cfbundle; includeInIndex = 0; path = ColorgyCourseTests.xctest; sourceTree = BUILT_PRODUCTS_DIR; };
		63A29E641AF722DF000494DB /* Info.plist */ = {isa = PBXFileReference; lastKnownFileType = text.plist.xml; path = Info.plist; sourceTree = "<group>"; };
		63A29E651AF722DF000494DB /* ColorgyCourseTests.swift */ = {isa = PBXFileReference; lastKnownFileType = sourcecode.swift; path = ColorgyCourseTests.swift; sourceTree = "<group>"; };
		63A29E6F1AF72332000494DB /* ColorgyTimeTableViewController.swift */ = {isa = PBXFileReference; fileEncoding = 4; lastKnownFileType = sourcecode.swift; path = ColorgyTimeTableViewController.swift; sourceTree = "<group>"; };
		63A29E711AF7236C000494DB /* ColorgyFBLoginViewController.swift */ = {isa = PBXFileReference; fileEncoding = 4; lastKnownFileType = sourcecode.swift; path = ColorgyFBLoginViewController.swift; sourceTree = "<group>"; };
		63A29E751AF72E41000494DB /* Course.swift */ = {isa = PBXFileReference; fileEncoding = 4; lastKnownFileType = sourcecode.swift; path = Course.swift; sourceTree = "<group>"; };
		63A29E791AF7436D000494DB /* ColorgyViewAndAddCourseTableViewController.swift */ = {isa = PBXFileReference; fileEncoding = 4; lastKnownFileType = sourcecode.swift; path = ColorgyViewAndAddCourseTableViewController.swift; sourceTree = "<group>"; };
		63C96ADD1AFE0CD9003ED287 /* FacebookSDK.framework */ = {isa = PBXFileReference; lastKnownFileType = wrapper.framework; path = FacebookSDK.framework; sourceTree = "<group>"; };
		63DD0DAD1B069F2700582DEF /* ColorgyCourseCardCell.swift */ = {isa = PBXFileReference; fileEncoding = 4; lastKnownFileType = sourcecode.swift; path = ColorgyCourseCardCell.swift; sourceTree = "<group>"; };
		8807EE0034D20B6587094B35 /* Pods-ColorgyCourse.release.xcconfig */ = {isa = PBXFileReference; includeInIndex = 1; lastKnownFileType = text.xcconfig; name = "Pods-ColorgyCourse.release.xcconfig"; path = "Pods/Target Support Files/Pods-ColorgyCourse/Pods-ColorgyCourse.release.xcconfig"; sourceTree = "<group>"; };
		AA6BD5834EC034FAA28A0DB4 /* libPods-ColorgyCourse.a */ = {isa = PBXFileReference; explicitFileType = archive.ar; includeInIndex = 0; path = "libPods-ColorgyCourse.a"; sourceTree = BUILT_PRODUCTS_DIR; };
/* End PBXFileReference section */

/* Begin PBXFrameworksBuildPhase section */
		63A29E441AF722DF000494DB /* Frameworks */ = {
			isa = PBXFrameworksBuildPhase;
			buildActionMask = 2147483647;
			files = (
				6324DA921B13696C00DF2F6C /* CoreData.framework in Frameworks */,
				BCB60EF032C3499020ABF860 /* libPods-ColorgyCourse.a in Frameworks */,
				63C96ADE1AFE0CD9003ED287 /* FacebookSDK.framework in Frameworks */,
			);
			runOnlyForDeploymentPostprocessing = 0;
		};
		63A29E5C1AF722DF000494DB /* Frameworks */ = {
			isa = PBXFrameworksBuildPhase;
			buildActionMask = 2147483647;
			files = (
			);
			runOnlyForDeploymentPostprocessing = 0;
		};
/* End PBXFrameworksBuildPhase section */

/* Begin PBXGroup section */
		1C430DB70014A2FFB0752EB7 /* Pods */ = {
			isa = PBXGroup;
			children = (
				572BB26BB0AC9A6CCD0BE10F /* Pods-ColorgyCourse.debug.xcconfig */,
				8807EE0034D20B6587094B35 /* Pods-ColorgyCourse.release.xcconfig */,
			);
			name = Pods;
			sourceTree = "<group>";
		};
		4D876CEB43146647A3289BCE /* Frameworks */ = {
			isa = PBXGroup;
			children = (
				6324DA911B13696C00DF2F6C /* CoreData.framework */,
				63C96ADD1AFE0CD9003ED287 /* FacebookSDK.framework */,
				AA6BD5834EC034FAA28A0DB4 /* libPods-ColorgyCourse.a */,
			);
			name = Frameworks;
			sourceTree = "<group>";
		};
		63A29E3E1AF722DF000494DB = {
			isa = PBXGroup;
			children = (
				63A29E491AF722DF000494DB /* ColorgyCourse */,
				63A29E621AF722DF000494DB /* ColorgyCourseTests */,
				63A29E481AF722DF000494DB /* Products */,
				1C430DB70014A2FFB0752EB7 /* Pods */,
				4D876CEB43146647A3289BCE /* Frameworks */,
			);
			sourceTree = "<group>";
		};
		63A29E481AF722DF000494DB /* Products */ = {
			isa = PBXGroup;
			children = (
				63A29E471AF722DF000494DB /* ColorgyCourse.app */,
				63A29E5F1AF722DF000494DB /* ColorgyCourseTests.xctest */,
			);
			name = Products;
			sourceTree = "<group>";
		};
		63A29E491AF722DF000494DB /* ColorgyCourse */ = {
			isa = PBXGroup;
			children = (
				63A29E4C1AF722DF000494DB /* AppDelegate.swift */,
				63A29E4E1AF722DF000494DB /* ColorgyCourse.xcdatamodeld */,
				63A29E751AF72E41000494DB /* Course.swift */,
				63DD0DAD1B069F2700582DEF /* ColorgyCourseCardCell.swift */,
				631008DE1AF771B7008A40E4 /* ColorgyNavigationController.swift */,
				63A29E531AF722DF000494DB /* Main.storyboard */,
				63A29E561AF722DF000494DB /* Images.xcassets */,
				63A29E711AF7236C000494DB /* ColorgyFBLoginViewController.swift */,
				636FFF791AF9086D0012135C /* ColorgySideMenuViewController.swift */,
				63A29E6F1AF72332000494DB /* ColorgyTimeTableViewController.swift */,
				63A29E791AF7436D000494DB /* ColorgyViewAndAddCourseTableViewController.swift */,
				6379F3C91AFF454F007686B5 /* ColorgyUserProfileViewController.swift */,
				63A29E581AF722DF000494DB /* LaunchScreen.xib */,
				63A29E4A1AF722DF000494DB /* Supporting Files */,
			);
			path = ColorgyCourse;
			sourceTree = "<group>";
		};
		63A29E4A1AF722DF000494DB /* Supporting Files */ = {
			isa = PBXGroup;
			children = (
				63038C661B10B597008C8180 /* cordova_big.png */,
				63038C641B10B58B008C8180 /* cordova_small.png */,
				63045EAC1B0EC5E10071555B /* SwitfyJSON.swift */,
				634FD6201AF749A9003B627D /* NCKU_samll_course.json */,
				635F9FDB1AFDE58E001907BA /* CCU_courses.json */,
				63A29E4B1AF722DF000494DB /* Info.plist */,
			);
			name = "Supporting Files";
			sourceTree = "<group>";
		};
		63A29E621AF722DF000494DB /* ColorgyCourseTests */ = {
			isa = PBXGroup;
			children = (
				63A29E651AF722DF000494DB /* ColorgyCourseTests.swift */,
				63A29E631AF722DF000494DB /* Supporting Files */,
			);
			path = ColorgyCourseTests;
			sourceTree = "<group>";
		};
		63A29E631AF722DF000494DB /* Supporting Files */ = {
			isa = PBXGroup;
			children = (
				63A29E641AF722DF000494DB /* Info.plist */,
			);
			name = "Supporting Files";
			sourceTree = "<group>";
		};
/* End PBXGroup section */

/* Begin PBXNativeTarget section */
		63A29E461AF722DF000494DB /* ColorgyCourse */ = {
			isa = PBXNativeTarget;
			buildConfigurationList = 63A29E691AF722DF000494DB /* Build configuration list for PBXNativeTarget "ColorgyCourse" */;
			buildPhases = (
				074F8C9D2DB4FA9E1D09C04B /* Check Pods Manifest.lock */,
				63A29E431AF722DF000494DB /* Sources */,
				63A29E441AF722DF000494DB /* Frameworks */,
				63A29E451AF722DF000494DB /* Resources */,
				7E141BC61816B77AA135C582 /* Copy Pods Resources */,
			);
			buildRules = (
			);
			dependencies = (
			);
			name = ColorgyCourse;
			productName = ColorgyCourse;
			productReference = 63A29E471AF722DF000494DB /* ColorgyCourse.app */;
			productType = "com.apple.product-type.application";
		};
		63A29E5E1AF722DF000494DB /* ColorgyCourseTests */ = {
			isa = PBXNativeTarget;
			buildConfigurationList = 63A29E6C1AF722DF000494DB /* Build configuration list for PBXNativeTarget "ColorgyCourseTests" */;
			buildPhases = (
				63A29E5B1AF722DF000494DB /* Sources */,
				63A29E5C1AF722DF000494DB /* Frameworks */,
				63A29E5D1AF722DF000494DB /* Resources */,
			);
			buildRules = (
			);
			dependencies = (
				63A29E611AF722DF000494DB /* PBXTargetDependency */,
			);
			name = ColorgyCourseTests;
			productName = ColorgyCourseTests;
			productReference = 63A29E5F1AF722DF000494DB /* ColorgyCourseTests.xctest */;
			productType = "com.apple.product-type.bundle.unit-test";
		};
/* End PBXNativeTarget section */

/* Begin PBXProject section */
		63A29E3F1AF722DF000494DB /* Project object */ = {
			isa = PBXProject;
			attributes = {
				LastUpgradeCheck = 0630;
				ORGANIZATIONNAME = David;
				TargetAttributes = {
					63A29E461AF722DF000494DB = {
						CreatedOnToolsVersion = 6.3;
						DevelopmentTeam = 55V6ERRQ79;
					};
					63A29E5E1AF722DF000494DB = {
						CreatedOnToolsVersion = 6.3;
						TestTargetID = 63A29E461AF722DF000494DB;
					};
				};
			};
			buildConfigurationList = 63A29E421AF722DF000494DB /* Build configuration list for PBXProject "ColorgyCourse" */;
			compatibilityVersion = "Xcode 3.2";
			developmentRegion = English;
			hasScannedForEncodings = 0;
			knownRegions = (
				en,
				Base,
			);
			mainGroup = 63A29E3E1AF722DF000494DB;
			productRefGroup = 63A29E481AF722DF000494DB /* Products */;
			projectDirPath = "";
			projectRoot = "";
			targets = (
				63A29E461AF722DF000494DB /* ColorgyCourse */,
				63A29E5E1AF722DF000494DB /* ColorgyCourseTests */,
			);
		};
/* End PBXProject section */

/* Begin PBXResourcesBuildPhase section */
		63A29E451AF722DF000494DB /* Resources */ = {
			isa = PBXResourcesBuildPhase;
			buildActionMask = 2147483647;
			files = (
				63A29E551AF722DF000494DB /* Main.storyboard in Resources */,
				63A29E5A1AF722DF000494DB /* LaunchScreen.xib in Resources */,
				63038C651B10B58B008C8180 /* cordova_small.png in Resources */,
				63A29E571AF722DF000494DB /* Images.xcassets in Resources */,
				63038C671B10B597008C8180 /* cordova_big.png in Resources */,
				634FD6211AF749A9003B627D /* NCKU_samll_course.json in Resources */,
				635F9FDC1AFDE58E001907BA /* CCU_courses.json in Resources */,
			);
			runOnlyForDeploymentPostprocessing = 0;
		};
		63A29E5D1AF722DF000494DB /* Resources */ = {
			isa = PBXResourcesBuildPhase;
			buildActionMask = 2147483647;
			files = (
			);
			runOnlyForDeploymentPostprocessing = 0;
		};
/* End PBXResourcesBuildPhase section */

/* Begin PBXShellScriptBuildPhase section */
		074F8C9D2DB4FA9E1D09C04B /* Check Pods Manifest.lock */ = {
			isa = PBXShellScriptBuildPhase;
			buildActionMask = 2147483647;
			files = (
			);
			inputPaths = (
			);
			name = "Check Pods Manifest.lock";
			outputPaths = (
			);
			runOnlyForDeploymentPostprocessing = 0;
			shellPath = /bin/sh;
			shellScript = "diff \"${PODS_ROOT}/../Podfile.lock\" \"${PODS_ROOT}/Manifest.lock\" > /dev/null\nif [[ $? != 0 ]] ; then\n    cat << EOM\nerror: The sandbox is not in sync with the Podfile.lock. Run 'pod install' or update your CocoaPods installation.\nEOM\n    exit 1\nfi\n";
			showEnvVarsInLog = 0;
		};
		7E141BC61816B77AA135C582 /* Copy Pods Resources */ = {
			isa = PBXShellScriptBuildPhase;
			buildActionMask = 2147483647;
			files = (
			);
			inputPaths = (
			);
			name = "Copy Pods Resources";
			outputPaths = (
			);
			runOnlyForDeploymentPostprocessing = 0;
			shellPath = /bin/sh;
			shellScript = "\"${SRCROOT}/Pods/Target Support Files/Pods-ColorgyCourse/Pods-ColorgyCourse-resources.sh\"\n";
			showEnvVarsInLog = 0;
		};
/* End PBXShellScriptBuildPhase section */

/* Begin PBXSourcesBuildPhase section */
		63A29E431AF722DF000494DB /* Sources */ = {
			isa = PBXSourcesBuildPhase;
			buildActionMask = 2147483647;
			files = (
				63DD0DAE1B069F2700582DEF /* ColorgyCourseCardCell.swift in Sources */,
				63A29E7A1AF7436D000494DB /* ColorgyViewAndAddCourseTableViewController.swift in Sources */,
				6379F3CA1AFF454F007686B5 /* ColorgyUserProfileViewController.swift in Sources */,
				63A29E701AF72332000494DB /* ColorgyTimeTableViewController.swift in Sources */,
				63A29E761AF72E41000494DB /* Course.swift in Sources */,
				63A29E501AF722DF000494DB /* ColorgyCourse.xcdatamodeld in Sources */,
				636FFF7A1AF9086D0012135C /* ColorgySideMenuViewController.swift in Sources */,
				63A29E721AF7236C000494DB /* ColorgyFBLoginViewController.swift in Sources */,
				63045EAD1B0EC5E10071555B /* SwitfyJSON.swift in Sources */,
				63A29E4D1AF722DF000494DB /* AppDelegate.swift in Sources */,
				631008DF1AF771B7008A40E4 /* ColorgyNavigationController.swift in Sources */,
			);
			runOnlyForDeploymentPostprocessing = 0;
		};
		63A29E5B1AF722DF000494DB /* Sources */ = {
			isa = PBXSourcesBuildPhase;
			buildActionMask = 2147483647;
			files = (
				63A29E661AF722DF000494DB /* ColorgyCourseTests.swift in Sources */,
			);
			runOnlyForDeploymentPostprocessing = 0;
		};
/* End PBXSourcesBuildPhase section */

/* Begin PBXTargetDependency section */
		63A29E611AF722DF000494DB /* PBXTargetDependency */ = {
			isa = PBXTargetDependency;
			target = 63A29E461AF722DF000494DB /* ColorgyCourse */;
			targetProxy = 63A29E601AF722DF000494DB /* PBXContainerItemProxy */;
		};
/* End PBXTargetDependency section */

/* Begin PBXVariantGroup section */
		63A29E531AF722DF000494DB /* Main.storyboard */ = {
			isa = PBXVariantGroup;
			children = (
				63A29E541AF722DF000494DB /* Base */,
			);
			name = Main.storyboard;
			sourceTree = "<group>";
		};
		63A29E581AF722DF000494DB /* LaunchScreen.xib */ = {
			isa = PBXVariantGroup;
			children = (
				63A29E591AF722DF000494DB /* Base */,
			);
			name = LaunchScreen.xib;
			sourceTree = "<group>";
		};
/* End PBXVariantGroup section */

/* Begin XCBuildConfiguration section */
		63A29E671AF722DF000494DB /* Debug */ = {
			isa = XCBuildConfiguration;
			buildSettings = {
				ALWAYS_SEARCH_USER_PATHS = NO;
				CLANG_CXX_LANGUAGE_STANDARD = "gnu++0x";
				CLANG_CXX_LIBRARY = "libc++";
				CLANG_ENABLE_MODULES = YES;
				CLANG_ENABLE_OBJC_ARC = YES;
				CLANG_WARN_BOOL_CONVERSION = YES;
				CLANG_WARN_CONSTANT_CONVERSION = YES;
				CLANG_WARN_DIRECT_OBJC_ISA_USAGE = YES_ERROR;
				CLANG_WARN_EMPTY_BODY = YES;
				CLANG_WARN_ENUM_CONVERSION = YES;
				CLANG_WARN_INT_CONVERSION = YES;
				CLANG_WARN_OBJC_ROOT_CLASS = YES_ERROR;
				CLANG_WARN_UNREACHABLE_CODE = YES;
				CLANG_WARN__DUPLICATE_METHOD_MATCH = YES;
				"CODE_SIGN_IDENTITY[sdk=iphoneos*]" = "iPhone Developer";
				COPY_PHASE_STRIP = NO;
				DEBUG_INFORMATION_FORMAT = "dwarf-with-dsym";
				ENABLE_STRICT_OBJC_MSGSEND = YES;
				GCC_C_LANGUAGE_STANDARD = gnu99;
				GCC_DYNAMIC_NO_PIC = NO;
				GCC_NO_COMMON_BLOCKS = YES;
				GCC_OPTIMIZATION_LEVEL = 0;
				GCC_PREPROCESSOR_DEFINITIONS = (
					"DEBUG=1",
					"$(inherited)",
				);
				GCC_SYMBOLS_PRIVATE_EXTERN = NO;
				GCC_WARN_64_TO_32_BIT_CONVERSION = YES;
				GCC_WARN_ABOUT_RETURN_TYPE = YES_ERROR;
				GCC_WARN_UNDECLARED_SELECTOR = YES;
				GCC_WARN_UNINITIALIZED_AUTOS = YES_AGGRESSIVE;
				GCC_WARN_UNUSED_FUNCTION = YES;
				GCC_WARN_UNUSED_VARIABLE = YES;
				IPHONEOS_DEPLOYMENT_TARGET = 8.3;
				MTL_ENABLE_DEBUG_INFO = YES;
				ONLY_ACTIVE_ARCH = YES;
				SDKROOT = iphoneos;
				SWIFT_OPTIMIZATION_LEVEL = "-Onone";
				TARGETED_DEVICE_FAMILY = "1,2";
			};
			name = Debug;
		};
		63A29E681AF722DF000494DB /* Release */ = {
			isa = XCBuildConfiguration;
			buildSettings = {
				ALWAYS_SEARCH_USER_PATHS = NO;
				CLANG_CXX_LANGUAGE_STANDARD = "gnu++0x";
				CLANG_CXX_LIBRARY = "libc++";
				CLANG_ENABLE_MODULES = YES;
				CLANG_ENABLE_OBJC_ARC = YES;
				CLANG_WARN_BOOL_CONVERSION = YES;
				CLANG_WARN_CONSTANT_CONVERSION = YES;
				CLANG_WARN_DIRECT_OBJC_ISA_USAGE = YES_ERROR;
				CLANG_WARN_EMPTY_BODY = YES;
				CLANG_WARN_ENUM_CONVERSION = YES;
				CLANG_WARN_INT_CONVERSION = YES;
				CLANG_WARN_OBJC_ROOT_CLASS = YES_ERROR;
				CLANG_WARN_UNREACHABLE_CODE = YES;
				CLANG_WARN__DUPLICATE_METHOD_MATCH = YES;
				"CODE_SIGN_IDENTITY[sdk=iphoneos*]" = "iPhone Developer";
				COPY_PHASE_STRIP = NO;
				DEBUG_INFORMATION_FORMAT = "dwarf-with-dsym";
				ENABLE_NS_ASSERTIONS = NO;
				ENABLE_STRICT_OBJC_MSGSEND = YES;
				GCC_C_LANGUAGE_STANDARD = gnu99;
				GCC_NO_COMMON_BLOCKS = YES;
				GCC_WARN_64_TO_32_BIT_CONVERSION = YES;
				GCC_WARN_ABOUT_RETURN_TYPE = YES_ERROR;
				GCC_WARN_UNDECLARED_SELECTOR = YES;
				GCC_WARN_UNINITIALIZED_AUTOS = YES_AGGRESSIVE;
				GCC_WARN_UNUSED_FUNCTION = YES;
				GCC_WARN_UNUSED_VARIABLE = YES;
				IPHONEOS_DEPLOYMENT_TARGET = 8.3;
				MTL_ENABLE_DEBUG_INFO = NO;
				SDKROOT = iphoneos;
				TARGETED_DEVICE_FAMILY = "1,2";
				VALIDATE_PRODUCT = YES;
			};
			name = Release;
		};
		63A29E6A1AF722DF000494DB /* Debug */ = {
			isa = XCBuildConfiguration;
			baseConfigurationReference = 572BB26BB0AC9A6CCD0BE10F /* Pods-ColorgyCourse.debug.xcconfig */;
			buildSettings = {
				ASSETCATALOG_COMPILER_APPICON_NAME = AppIcon;
				CODE_SIGN_IDENTITY = "iPhone Developer";
				"CODE_SIGN_IDENTITY[sdk=iphoneos*]" = "iPhone Developer";
				FRAMEWORK_SEARCH_PATHS = (
					"$(inherited)",
					"$(PROJECT_DIR)/ColorgyCourse",
					"$(PROJECT_DIR)",
					/Users/David/Documents/FacebookSDK,
				);
				INFOPLIST_FILE = ColorgyCourse/Info.plist;
				IPHONEOS_DEPLOYMENT_TARGET = 8.0;
				LD_RUNPATH_SEARCH_PATHS = "$(inherited) @executable_path/Frameworks";
				PRODUCT_NAME = "$(TARGET_NAME)";
				PROVISIONING_PROFILE = "";
				SWIFT_OBJC_BRIDGING_HEADER = ./Header.h;
				TARGETED_DEVICE_FAMILY = 1;
				VALID_ARCHS = "arm64 armv7s armv7";
			};
			name = Debug;
		};
		63A29E6B1AF722DF000494DB /* Release */ = {
			isa = XCBuildConfiguration;
			baseConfigurationReference = 8807EE0034D20B6587094B35 /* Pods-ColorgyCourse.release.xcconfig */;
			buildSettings = {
				ASSETCATALOG_COMPILER_APPICON_NAME = AppIcon;
				CODE_SIGN_IDENTITY = "iPhone Developer";
				"CODE_SIGN_IDENTITY[sdk=iphoneos*]" = "iPhone Developer";
				FRAMEWORK_SEARCH_PATHS = (
					"$(inherited)",
					"$(PROJECT_DIR)/ColorgyCourse",
					"$(PROJECT_DIR)",
					/Users/David/Documents/FacebookSDK,
				);
				INFOPLIST_FILE = ColorgyCourse/Info.plist;
				IPHONEOS_DEPLOYMENT_TARGET = 8.0;
				LD_RUNPATH_SEARCH_PATHS = "$(inherited) @executable_path/Frameworks";
				ONLY_ACTIVE_ARCH = YES;
				PRODUCT_NAME = "$(TARGET_NAME)";
				PROVISIONING_PROFILE = "";
				SWIFT_OBJC_BRIDGING_HEADER = ./Header.h;
				TARGETED_DEVICE_FAMILY = 1;
				VALID_ARCHS = "arm64 armv7s armv7";
			};
			name = Release;
		};
		63A29E6D1AF722DF000494DB /* Debug */ = {
			isa = XCBuildConfiguration;
			buildSettings = {
				BUNDLE_LOADER = "$(TEST_HOST)";
				FRAMEWORK_SEARCH_PATHS = (
					"$(SDKROOT)/Developer/Library/Frameworks",
					"$(inherited)",
				);
				GCC_PREPROCESSOR_DEFINITIONS = (
					"DEBUG=1",
					"$(inherited)",
				);
				INFOPLIST_FILE = ColorgyCourseTests/Info.plist;
				LD_RUNPATH_SEARCH_PATHS = "$(inherited) @executable_path/Frameworks @loader_path/Frameworks";
				PRODUCT_NAME = "$(TARGET_NAME)";
				TEST_HOST = "$(BUILT_PRODUCTS_DIR)/ColorgyCourse.app/ColorgyCourse";
			};
			name = Debug;
		};
		63A29E6E1AF722DF000494DB /* Release */ = {
			isa = XCBuildConfiguration;
			buildSettings = {
				BUNDLE_LOADER = "$(TEST_HOST)";
				FRAMEWORK_SEARCH_PATHS = (
					"$(SDKROOT)/Developer/Library/Frameworks",
					"$(inherited)",
				);
				INFOPLIST_FILE = ColorgyCourseTests/Info.plist;
				LD_RUNPATH_SEARCH_PATHS = "$(inherited) @executable_path/Frameworks @loader_path/Frameworks";
				PRODUCT_NAME = "$(TARGET_NAME)";
				TEST_HOST = "$(BUILT_PRODUCTS_DIR)/ColorgyCourse.app/ColorgyCourse";
			};
			name = Release;
		};
/* End XCBuildConfiguration section */

/* Begin XCConfigurationList section */
		63A29E421AF722DF000494DB /* Build configuration list for PBXProject "ColorgyCourse" */ = {
			isa = XCConfigurationList;
			buildConfigurations = (
				63A29E671AF722DF000494DB /* Debug */,
				63A29E681AF722DF000494DB /* Release */,
			);
			defaultConfigurationIsVisible = 0;
			defaultConfigurationName = Release;
		};
		63A29E691AF722DF000494DB /* Build configuration list for PBXNativeTarget "ColorgyCourse" */ = {
			isa = XCConfigurationList;
			buildConfigurations = (
				63A29E6A1AF722DF000494DB /* Debug */,
				63A29E6B1AF722DF000494DB /* Release */,
			);
			defaultConfigurationIsVisible = 0;
			defaultConfigurationName = Release;
		};
		63A29E6C1AF722DF000494DB /* Build configuration list for PBXNativeTarget "ColorgyCourseTests" */ = {
			isa = XCConfigurationList;
			buildConfigurations = (
				63A29E6D1AF722DF000494DB /* Debug */,
				63A29E6E1AF722DF000494DB /* Release */,
			);
			defaultConfigurationIsVisible = 0;
			defaultConfigurationName = Release;
		};
/* End XCConfigurationList section */

/* Begin XCVersionGroup section */
		63A29E4E1AF722DF000494DB /* ColorgyCourse.xcdatamodeld */ = {
			isa = XCVersionGroup;
			children = (
				63A29E4F1AF722DF000494DB /* ColorgyCourse.xcdatamodel */,
			);
			currentVersion = 63A29E4F1AF722DF000494DB /* ColorgyCourse.xcdatamodel */;
			path = ColorgyCourse.xcdatamodeld;
			sourceTree = "<group>";
			versionGroupType = wrapper.xcdatamodel;
		};
/* End XCVersionGroup section */
	};
	rootObject = 63A29E3F1AF722DF000494DB /* Project object */;
}
